
Microsoft Visual Studio Solution File, Format Version 12.00
# Visual Studio Version 17
VisualStudioVersion = 17.1.32210.238
MinimumVisualStudioVersion = 10.0.40219.1
Project("{FAE04EC0-301F-11D3-BF4B-00C04F79EFBC}") = "WEB-1001-To-Do-App", "WEB-1001-To-Do-App\WEB-1001-To-Do-App.csproj", "{0CCE3122-0AFD-4BC7-9F08-39CA60FE2497}"
EndProject
Project("{FAE04EC0-301F-11D3-BF4B-00C04F79EFBC}") = "WEB-1001-To-Do-Models", "WEB-1001-To-Do-Models\WEB-1001-To-Do-Models.csproj", "{79110CA9-9F3F-4AE5-88FF-41A298FB624E}"
EndProject
Global
	GlobalSection(SolutionConfigurationPlatforms) = preSolution
		Debug|Any CPU = Debug|Any CPU
		Release|Any CPU = Release|Any CPU
	EndGlobalSection
	GlobalSection(ProjectConfigurationPlatforms) = postSolution
		{0CCE3122-0AFD-4BC7-9F08-39CA60FE2497}.Debug|Any CPU.ActiveCfg = Debug|Any CPU
		{0CCE3122-0AFD-4BC7-9F08-39CA60FE2497}.Debug|Any CPU.Build.0 = Debug|Any CPU
		{0CCE3122-0AFD-4BC7-9F08-39CA60FE2497}.Release|Any CPU.ActiveCfg = Release|Any CPU
		{0CCE3122-0AFD-4BC7-9F08-39CA60FE2497}.Release|Any CPU.Build.0 = Release|Any CPU
		{79110CA9-9F3F-4AE5-88FF-41A298FB624E}.Debug|Any CPU.ActiveCfg = Debug|Any CPU
		{79110CA9-9F3F-4AE5-88FF-41A298FB624E}.Debug|Any CPU.Build.0 = Debug|Any CPU
		{79110CA9-9F3F-4AE5-88FF-41A298FB624E}.Release|Any CPU.ActiveCfg = Release|Any CPU
		{79110CA9-9F3F-4AE5-88FF-41A298FB624E}.Release|Any CPU.Build.0 = Release|Any CPU
	EndGlobalSection
	GlobalSection(SolutionProperties) = preSolution
		HideSolutionNode = FALSE
	EndGlobalSection
	GlobalSection(ExtensibilityGlobals) = postSolution
		SolutionGuid = {BF80C07F-056A-4E96-B865-B4A6C4D3379B}
	EndGlobalSection
EndGlobal
